
Microsoft Visual Studio Solution File, Format Version 12.00
# Visual Studio Version 17
VisualStudioVersion = 17.14.36221.1
MinimumVisualStudioVersion = 10.0.40219.1
Project("{FAE04EC0-301F-11D3-BF4B-00C04F79EFBC}") = "FormalRPG", "FormalRPG\FormalRPG\FormalRPG.csproj", "{1D3BB33B-4305-4D45-B0B9-820C335EF819}"
EndProject
Project("{FAE04EC0-301F-11D3-BF4B-00C04F79EFBC}") = "FormalRPG.Client", "FormalRPG\FormalRPG.Client\FormalRPG.Client.csproj", "{378F499D-8F79-4DD1-98FE-ADFA768968A2}"
EndProject
Global
	GlobalSection(SolutionConfigurationPlatforms) = preSolution
		Debug|Any CPU = Debug|Any CPU
		Release|Any CPU = Release|Any CPU
	EndGlobalSection
	GlobalSection(ProjectConfigurationPlatforms) = postSolution
		{1D3BB33B-4305-4D45-B0B9-820C335EF819}.Debug|Any CPU.ActiveCfg = Debug|Any CPU
		{1D3BB33B-4305-4D45-B0B9-820C335EF819}.Debug|Any CPU.Build.0 = Debug|Any CPU
		{1D3BB33B-4305-4D45-B0B9-820C335EF819}.Release|Any CPU.ActiveCfg = Release|Any CPU
		{1D3BB33B-4305-4D45-B0B9-820C335EF819}.Release|Any CPU.Build.0 = Release|Any CPU
		{378F499D-8F79-4DD1-98FE-ADFA768968A2}.Debug|Any CPU.ActiveCfg = Debug|Any CPU
		{378F499D-8F79-4DD1-98FE-ADFA768968A2}.Debug|Any CPU.Build.0 = Debug|Any CPU
		{378F499D-8F79-4DD1-98FE-ADFA768968A2}.Release|Any CPU.ActiveCfg = Release|Any CPU
		{378F499D-8F79-4DD1-98FE-ADFA768968A2}.Release|Any CPU.Build.0 = Release|Any CPU
	EndGlobalSection
	GlobalSection(SolutionProperties) = preSolution
		HideSolutionNode = FALSE
	EndGlobalSection
	GlobalSection(ExtensibilityGlobals) = postSolution
		SolutionGuid = {248A17C1-A282-409D-B8AE-C4559DBAF01B}
	EndGlobalSection
EndGlobal
